
Microsoft Visual Studio Solution File, Format Version 12.00
# Visual Studio Version 17
VisualStudioVersion = 17.6.33815.320
MinimumVisualStudioVersion = 10.0.40219.1
Project("{FAE04EC0-301F-11D3-BF4B-00C04F79EFBC}") = "ST10029788_AariyaSingh_CLDV6212_POE_Part2_QUESTION_A", "ST10029788_AariyaSingh_CLDV6212_POE_Part2_QUESTION_A.csproj", "{6B5EF8AD-5311-4A22-84C9-A571DD07E17E}"
EndProject
Global
	GlobalSection(SolutionConfigurationPlatforms) = preSolution
		Debug|Any CPU = Debug|Any CPU
		Release|Any CPU = Release|Any CPU
	EndGlobalSection
	GlobalSection(ProjectConfigurationPlatforms) = postSolution
		{6B5EF8AD-5311-4A22-84C9-A571DD07E17E}.Debug|Any CPU.ActiveCfg = Debug|Any CPU
		{6B5EF8AD-5311-4A22-84C9-A571DD07E17E}.Debug|Any CPU.Build.0 = Debug|Any CPU
		{6B5EF8AD-5311-4A22-84C9-A571DD07E17E}.Release|Any CPU.ActiveCfg = Release|Any CPU
		{6B5EF8AD-5311-4A22-84C9-A571DD07E17E}.Release|Any CPU.Build.0 = Release|Any CPU
	EndGlobalSection
	GlobalSection(SolutionProperties) = preSolution
		HideSolutionNode = FALSE
	EndGlobalSection
	GlobalSection(ExtensibilityGlobals) = postSolution
		SolutionGuid = {E893DA1D-19F0-48C7-8BDD-24BA101F2415}
	EndGlobalSection
EndGlobal
